// !$*UTF8*$!
{
	archiveVersion = 1;
	classes = {
	};
	objectVersion = 48;
	objects = {

/* Begin PBXBuildFile section */
		5FAC50AC220F6E73002F4311 /* AppDelegate.swift in Sources */ = {isa = PBXBuildFile; fileRef = 5FAC50AB220F6E73002F4311 /* AppDelegate.swift */; };
		5FAC50AE220F6E73002F4311 /* ViewController.swift in Sources */ = {isa = PBXBuildFile; fileRef = 5FAC50AD220F6E73002F4311 /* ViewController.swift */; };
		5FAC50B1220F6E73002F4311 /* Main.storyboard in Resources */ = {isa = PBXBuildFile; fileRef = 5FAC50AF220F6E73002F4311 /* Main.storyboard */; };
		5FAC50B3220F6E73002F4311 /* Assets.xcassets in Resources */ = {isa = PBXBuildFile; fileRef = 5FAC50B2220F6E73002F4311 /* Assets.xcassets */; };
		5FAC50B6220F6E73002F4311 /* LaunchScreen.storyboard in Resources */ = {isa = PBXBuildFile; fileRef = 5FAC50B4220F6E73002F4311 /* LaunchScreen.storyboard */; };
		5FAC50C1220F6E73002F4311 /* WFTests.swift in Sources */ = {isa = PBXBuildFile; fileRef = 5FAC50C0220F6E73002F4311 /* WFTests.swift */; };
		5FAC50CC220F6E73002F4311 /* WFUITests.swift in Sources */ = {isa = PBXBuildFile; fileRef = 5FAC50CB220F6E73002F4311 /* WFUITests.swift */; };
/* End PBXBuildFile section */

/* Begin PBXContainerItemProxy section */
		5FAC50BD220F6E73002F4311 /* PBXContainerItemProxy */ = {
			isa = PBXContainerItemProxy;
			containerPortal = 5FAC50A0220F6E73002F4311 /* Project object */;
			proxyType = 1;
			remoteGlobalIDString = 5FAC50A7220F6E73002F4311;
			remoteInfo = WF;
		};
		5FAC50C8220F6E73002F4311 /* PBXContainerItemProxy */ = {
			isa = PBXContainerItemProxy;
			containerPortal = 5FAC50A0220F6E73002F4311 /* Project object */;
			proxyType = 1;
			remoteGlobalIDString = 5FAC50A7220F6E73002F4311;
			remoteInfo = WF;
		};
/* End PBXContainerItemProxy section */

/* Begin PBXFileReference section */
		5FAC50A8220F6E73002F4311 /* WF.app */ = {isa = PBXFileReference; explicitFileType = wrapper.application; includeInIndex = 0; path = WF.app; sourceTree = BUILT_PRODUCTS_DIR; };
		5FAC50AB220F6E73002F4311 /* AppDelegate.swift */ = {isa = PBXFileReference; lastKnownFileType = sourcecode.swift; path = AppDelegate.swift; sourceTree = "<group>"; };
		5FAC50AD220F6E73002F4311 /* ViewController.swift */ = {isa = PBXFileReference; lastKnownFileType = sourcecode.swift; path = ViewController.swift; sourceTree = "<group>"; };
		5FAC50B0220F6E73002F4311 /* Base */ = {isa = PBXFileReference; lastKnownFileType = file.storyboard; name = Base; path = Base.lproj/Main.storyboard; sourceTree = "<group>"; };
		5FAC50B2220F6E73002F4311 /* Assets.xcassets */ = {isa = PBXFileReference; lastKnownFileType = folder.assetcatalog; path = Assets.xcassets; sourceTree = "<group>"; };
		5FAC50B5220F6E73002F4311 /* Base */ = {isa = PBXFileReference; lastKnownFileType = file.storyboard; name = Base; path = Base.lproj/LaunchScreen.storyboard; sourceTree = "<group>"; };
		5FAC50B7220F6E73002F4311 /* Info.plist */ = {isa = PBXFileReference; lastKnownFileType = text.plist.xml; path = Info.plist; sourceTree = "<group>"; };
		5FAC50BC220F6E73002F4311 /* WFTests.xctest */ = {isa = PBXFileReference; explicitFileType = wrapper.cfbundle; includeInIndex = 0; path = WFTests.xctest; sourceTree = BUILT_PRODUCTS_DIR; };
		5FAC50C0220F6E73002F4311 /* WFTests.swift */ = {isa = PBXFileReference; lastKnownFileType = sourcecode.swift; path = WFTests.swift; sourceTree = "<group>"; };
		5FAC50C2220F6E73002F4311 /* Info.plist */ = {isa = PBXFileReference; lastKnownFileType = text.plist.xml; path = Info.plist; sourceTree = "<group>"; };
		5FAC50C7220F6E73002F4311 /* WFUITests.xctest */ = {isa = PBXFileReference; explicitFileType = wrapper.cfbundle; includeInIndex = 0; path = WFUITests.xctest; sourceTree = BUILT_PRODUCTS_DIR; };
		5FAC50CB220F6E73002F4311 /* WFUITests.swift */ = {isa = PBXFileReference; lastKnownFileType = sourcecode.swift; path = WFUITests.swift; sourceTree = "<group>"; };
		5FAC50CD220F6E73002F4311 /* Info.plist */ = {isa = PBXFileReference; lastKnownFileType = text.plist.xml; path = Info.plist; sourceTree = "<group>"; };
/* End PBXFileReference section */

/* Begin PBXFrameworksBuildPhase section */
		5FAC50A5220F6E73002F4311 /* Frameworks */ = {
			isa = PBXFrameworksBuildPhase;
			buildActionMask = 2147483647;
			files = (
			);
			runOnlyForDeploymentPostprocessing = 0;
		};
		5FAC50B9220F6E73002F4311 /* Frameworks */ = {
			isa = PBXFrameworksBuildPhase;
			buildActionMask = 2147483647;
			files = (
			);
			runOnlyForDeploymentPostprocessing = 0;
		};
		5FAC50C4220F6E73002F4311 /* Frameworks */ = {
			isa = PBXFrameworksBuildPhase;
			buildActionMask = 2147483647;
			files = (
			);
			runOnlyForDeploymentPostprocessing = 0;
		};
/* End PBXFrameworksBuildPhase section */

/* Begin PBXGroup section */
		5FAC509F220F6E73002F4311 = {
			isa = PBXGroup;
			children = (
				5FAC50AA220F6E73002F4311 /* WF */,
				5FAC50BF220F6E73002F4311 /* WFTests */,
				5FAC50CA220F6E73002F4311 /* WFUITests */,
				5FAC50A9220F6E73002F4311 /* Products */,
			);
			sourceTree = "<group>";
		};
		5FAC50A9220F6E73002F4311 /* Products */ = {
			isa = PBXGroup;
			children = (
				5FAC50A8220F6E73002F4311 /* WF.app */,
				5FAC50BC220F6E73002F4311 /* WFTests.xctest */,
				5FAC50C7220F6E73002F4311 /* WFUITests.xctest */,
			);
			name = Products;
			sourceTree = "<group>";
		};
		5FAC50AA220F6E73002F4311 /* WF */ = {
			isa = PBXGroup;
			children = (
				5FAC50AB220F6E73002F4311 /* AppDelegate.swift */,
				5FAC50AD220F6E73002F4311 /* ViewController.swift */,
				5FAC50AF220F6E73002F4311 /* Main.storyboard */,
				5FAC50B2220F6E73002F4311 /* Assets.xcassets */,
				5FAC50B4220F6E73002F4311 /* LaunchScreen.storyboard */,
				5FAC50B7220F6E73002F4311 /* Info.plist */,
			);
			path = WF;
			sourceTree = "<group>";
		};
		5FAC50BF220F6E73002F4311 /* WFTests */ = {
			isa = PBXGroup;
			children = (
				5FAC50C0220F6E73002F4311 /* WFTests.swift */,
				5FAC50C2220F6E73002F4311 /* Info.plist */,
			);
			path = WFTests;
			sourceTree = "<group>";
		};
		5FAC50CA220F6E73002F4311 /* WFUITests */ = {
			isa = PBXGroup;
			children = (
				5FAC50CB220F6E73002F4311 /* WFUITests.swift */,
				5FAC50CD220F6E73002F4311 /* Info.plist */,
			);
			path = WFUITests;
			sourceTree = "<group>";
		};
/* End PBXGroup section */

/* Begin PBXNativeTarget section */
		5FAC50A7220F6E73002F4311 /* WF */ = {
			isa = PBXNativeTarget;
			buildConfigurationList = 5FAC50D0220F6E73002F4311 /* Build configuration list for PBXNativeTarget "WF" */;
			buildPhases = (
				5FAC50A4220F6E73002F4311 /* Sources */,
				5FAC50A5220F6E73002F4311 /* Frameworks */,
				5FAC50A6220F6E73002F4311 /* Resources */,
			);
			buildRules = (
			);
			dependencies = (
			);
			name = WF;
			productName = WF;
			productReference = 5FAC50A8220F6E73002F4311 /* WF.app */;
			productType = "com.apple.product-type.application";
		};
		5FAC50BB220F6E73002F4311 /* WFTests */ = {
			isa = PBXNativeTarget;
			buildConfigurationList = 5FAC50D3220F6E73002F4311 /* Build configuration list for PBXNativeTarget "WFTests" */;
			buildPhases = (
				5FAC50B8220F6E73002F4311 /* Sources */,
				5FAC50B9220F6E73002F4311 /* Frameworks */,
				5FAC50BA220F6E73002F4311 /* Resources */,
			);
			buildRules = (
			);
			dependencies = (
				5FAC50BE220F6E73002F4311 /* PBXTargetDependency */,
			);
			name = WFTests;
			productName = WFTests;
			productReference = 5FAC50BC220F6E73002F4311 /* WFTests.xctest */;
			productType = "com.apple.product-type.bundle.unit-test";
		};
		5FAC50C6220F6E73002F4311 /* WFUITests */ = {
			isa = PBXNativeTarget;
			buildConfigurationList = 5FAC50D6220F6E73002F4311 /* Build configuration list for PBXNativeTarget "WFUITests" */;
			buildPhases = (
				5FAC50C3220F6E73002F4311 /* Sources */,
				5FAC50C4220F6E73002F4311 /* Frameworks */,
				5FAC50C5220F6E73002F4311 /* Resources */,
			);
			buildRules = (
			);
			dependencies = (
				5FAC50C9220F6E73002F4311 /* PBXTargetDependency */,
			);
			name = WFUITests;
			productName = WFUITests;
			productReference = 5FAC50C7220F6E73002F4311 /* WFUITests.xctest */;
			productType = "com.apple.product-type.bundle.ui-testing";
		};
/* End PBXNativeTarget section */

/* Begin PBXProject section */
		5FAC50A0220F6E73002F4311 /* Project object */ = {
			isa = PBXProject;
			attributes = {
				LastSwiftUpdateCheck = 0920;
				LastUpgradeCheck = 0920;
				ORGANIZATIONNAME = "MOHAMMED IMRAN";
				TargetAttributes = {
					5FAC50A7220F6E73002F4311 = {
						CreatedOnToolsVersion = 9.2;
						ProvisioningStyle = Automatic;
					};
					5FAC50BB220F6E73002F4311 = {
						CreatedOnToolsVersion = 9.2;
						ProvisioningStyle = Automatic;
						TestTargetID = 5FAC50A7220F6E73002F4311;
					};
					5FAC50C6220F6E73002F4311 = {
						CreatedOnToolsVersion = 9.2;
						ProvisioningStyle = Automatic;
						TestTargetID = 5FAC50A7220F6E73002F4311;
					};
				};
			};
			buildConfigurationList = 5FAC50A3220F6E73002F4311 /* Build configuration list for PBXProject "WF" */;
			compatibilityVersion = "Xcode 8.0";
			developmentRegion = en;
			hasScannedForEncodings = 0;
			knownRegions = (
				en,
				Base,
			);
			mainGroup = 5FAC509F220F6E73002F4311;
			productRefGroup = 5FAC50A9220F6E73002F4311 /* Products */;
			projectDirPath = "";
			projectRoot = "";
			targets = (
				5FAC50A7220F6E73002F4311 /* WF */,
				5FAC50BB220F6E73002F4311 /* WFTests */,
				5FAC50C6220F6E73002F4311 /* WFUITests */,
			);
		};
/* End PBXProject section */

/* Begin PBXResourcesBuildPhase section */
		5FAC50A6220F6E73002F4311 /* Resources */ = {
			isa = PBXResourcesBuildPhase;
			buildActionMask = 2147483647;
			files = (
				5FAC50B6220F6E73002F4311 /* LaunchScreen.storyboard in Resources */,
				5FAC50B3220F6E73002F4311 /* Assets.xcassets in Resources */,
				5FAC50B1220F6E73002F4311 /* Main.storyboard in Resources */,
			);
			runOnlyForDeploymentPostprocessing = 0;
		};
		5FAC50BA220F6E73002F4311 /* Resources */ = {
			isa = PBXResourcesBuildPhase;
			buildActionMask = 2147483647;
			files = (
			);
			runOnlyForDeploymentPostprocessing = 0;
		};
		5FAC50C5220F6E73002F4311 /* Resources */ = {
			isa = PBXResourcesBuildPhase;
			buildActionMask = 2147483647;
			files = (
			);
			runOnlyForDeploymentPostprocessing = 0;
		};
/* End PBXResourcesBuildPhase section */

/* Begin PBXSourcesBuildPhase section */
		5FAC50A4220F6E73002F4311 /* Sources */ = {
			isa = PBXSourcesBuildPhase;
			buildActionMask = 2147483647;
			files = (
				5FAC50AE220F6E73002F4311 /* ViewController.swift in Sources */,
				5FAC50AC220F6E73002F4311 /* AppDelegate.swift in Sources */,
			);
			runOnlyForDeploymentPostprocessing = 0;
		};
		5FAC50B8220F6E73002F4311 /* Sources */ = {
			isa = PBXSourcesBuildPhase;
			buildActionMask = 2147483647;
			files = (
				5FAC50C1220F6E73002F4311 /* WFTests.swift in Sources */,
			);
			runOnlyForDeploymentPostprocessing = 0;
		};
		5FAC50C3220F6E73002F4311 /* Sources */ = {
			isa = PBXSourcesBuildPhase;
			buildActionMask = 2147483647;
			files = (
				5FAC50CC220F6E73002F4311 /* WFUITests.swift in Sources */,
			);
			runOnlyForDeploymentPostprocessing = 0;
		};
/* End PBXSourcesBuildPhase section */

/* Begin PBXTargetDependency section */
		5FAC50BE220F6E73002F4311 /* PBXTargetDependency */ = {
			isa = PBXTargetDependency;
			target = 5FAC50A7220F6E73002F4311 /* WF */;
			targetProxy = 5FAC50BD220F6E73002F4311 /* PBXContainerItemProxy */;
		};
		5FAC50C9220F6E73002F4311 /* PBXTargetDependency */ = {
			isa = PBXTargetDependency;
			target = 5FAC50A7220F6E73002F4311 /* WF */;
			targetProxy = 5FAC50C8220F6E73002F4311 /* PBXContainerItemProxy */;
		};
/* End PBXTargetDependency section */

/* Begin PBXVariantGroup section */
		5FAC50AF220F6E73002F4311 /* Main.storyboard */ = {
			isa = PBXVariantGroup;
			children = (
				5FAC50B0220F6E73002F4311 /* Base */,
			);
			name = Main.storyboard;
			sourceTree = "<group>";
		};
		5FAC50B4220F6E73002F4311 /* LaunchScreen.storyboard */ = {
			isa = PBXVariantGroup;
			children = (
				5FAC50B5220F6E73002F4311 /* Base */,
			);
			name = LaunchScreen.storyboard;
			sourceTree = "<group>";
		};
/* End PBXVariantGroup section */

/* Begin XCBuildConfiguration section */
		5FAC50CE220F6E73002F4311 /* Debug */ = {
			isa = XCBuildConfiguration;
			buildSettings = {
				ALWAYS_SEARCH_USER_PATHS = NO;
				CLANG_ANALYZER_NONNULL = YES;
				CLANG_ANALYZER_NUMBER_OBJECT_CONVERSION = YES_AGGRESSIVE;
				CLANG_CXX_LANGUAGE_STANDARD = "gnu++14";
				CLANG_CXX_LIBRARY = "libc++";
				CLANG_ENABLE_MODULES = YES;
				CLANG_ENABLE_OBJC_ARC = YES;
				CLANG_WARN_BLOCK_CAPTURE_AUTORELEASING = YES;
				CLANG_WARN_BOOL_CONVERSION = YES;
				CLANG_WARN_COMMA = YES;
				CLANG_WARN_CONSTANT_CONVERSION = YES;
				CLANG_WARN_DIRECT_OBJC_ISA_USAGE = YES_ERROR;
				CLANG_WARN_DOCUMENTATION_COMMENTS = YES;
				CLANG_WARN_EMPTY_BODY = YES;
				CLANG_WARN_ENUM_CONVERSION = YES;
				CLANG_WARN_INFINITE_RECURSION = YES;
				CLANG_WARN_INT_CONVERSION = YES;
				CLANG_WARN_NON_LITERAL_NULL_CONVERSION = YES;
				CLANG_WARN_OBJC_LITERAL_CONVERSION = YES;
				CLANG_WARN_OBJC_ROOT_CLASS = YES_ERROR;
				CLANG_WARN_RANGE_LOOP_ANALYSIS = YES;
				CLANG_WARN_STRICT_PROTOTYPES = YES;
				CLANG_WARN_SUSPICIOUS_MOVE = YES;
				CLANG_WARN_UNGUARDED_AVAILABILITY = YES_AGGRESSIVE;
				CLANG_WARN_UNREACHABLE_CODE = YES;
				CLANG_WARN__DUPLICATE_METHOD_MATCH = YES;
				CODE_SIGN_IDENTITY = "iPhone Developer";
				COPY_PHASE_STRIP = NO;
				DEBUG_INFORMATION_FORMAT = dwarf;
				ENABLE_STRICT_OBJC_MSGSEND = YES;
				ENABLE_TESTABILITY = YES;
				GCC_C_LANGUAGE_STANDARD = gnu11;
				GCC_DYNAMIC_NO_PIC = NO;
				GCC_NO_COMMON_BLOCKS = YES;
				GCC_OPTIMIZATION_LEVEL = 0;
				GCC_PREPROCESSOR_DEFINITIONS = (
					"DEBUG=1",
					"$(inherited)",
				);
				GCC_WARN_64_TO_32_BIT_CONVERSION = YES;
				GCC_WARN_ABOUT_RETURN_TYPE = YES_ERROR;
				GCC_WARN_UNDECLARED_SELECTOR = YES;
				GCC_WARN_UNINITIALIZED_AUTOS = YES_AGGRESSIVE;
				GCC_WARN_UNUSED_FUNCTION = YES;
				GCC_WARN_UNUSED_VARIABLE = YES;
				IPHONEOS_DEPLOYMENT_TARGET = 11.2;
				MTL_ENABLE_DEBUG_INFO = YES;
				ONLY_ACTIVE_ARCH = YES;
				SDKROOT = iphoneos;
				SWIFT_ACTIVE_COMPILATION_CONDITIONS = DEBUG;
				SWIFT_OPTIMIZATION_LEVEL = "-Onone";
			};
			name = Debug;
		};
		5FAC50CF220F6E73002F4311 /* Release */ = {
			isa = XCBuildConfiguration;
			buildSettings = {
				ALWAYS_SEARCH_USER_PATHS = NO;
				CLANG_ANALYZER_NONNULL = YES;
				CLANG_ANALYZER_NUMBER_OBJECT_CONVERSION = YES_AGGRESSIVE;
				CLANG_CXX_LANGUAGE_STANDARD = "gnu++14";
				CLANG_CXX_LIBRARY = "libc++";
				CLANG_ENABLE_MODULES = YES;
				CLANG_ENABLE_OBJC_ARC = YES;
				CLANG_WARN_BLOCK_CAPTURE_AUTORELEASING = YES;
				CLANG_WARN_BOOL_CONVERSION = YES;
				CLANG_WARN_COMMA = YES;
				CLANG_WARN_CONSTANT_CONVERSION = YES;
				CLANG_WARN_DIRECT_OBJC_ISA_USAGE = YES_ERROR;
				CLANG_WARN_DOCUMENTATION_COMMENTS = YES;
				CLANG_WARN_EMPTY_BODY = YES;
				CLANG_WARN_ENUM_CONVERSION = YES;
				CLANG_WARN_INFINITE_RECURSION = YES;
				CLANG_WARN_INT_CONVERSION = YES;
				CLANG_WARN_NON_LITERAL_NULL_CONVERSION = YES;
				CLANG_WARN_OBJC_LITERAL_CONVERSION = YES;
				CLANG_WARN_OBJC_ROOT_CLASS = YES_ERROR;
				CLANG_WARN_RANGE_LOOP_ANALYSIS = YES;
				CLANG_WARN_STRICT_PROTOTYPES = YES;
				CLANG_WARN_SUSPICIOUS_MOVE = YES;
				CLANG_WARN_UNGUARDED_AVAILABILITY = YES_AGGRESSIVE;
				CLANG_WARN_UNREACHABLE_CODE = YES;
				CLANG_WARN__DUPLICATE_METHOD_MATCH = YES;
				CODE_SIGN_IDENTITY = "iPhone Developer";
				COPY_PHASE_STRIP = NO;
				DEBUG_INFORMATION_FORMAT = "dwarf-with-dsym";
				ENABLE_NS_ASSERTIONS = NO;
				ENABLE_STRICT_OBJC_MSGSEND = YES;
				GCC_C_LANGUAGE_STANDARD = gnu11;
				GCC_NO_COMMON_BLOCKS = YES;
				GCC_WARN_64_TO_32_BIT_CONVERSION = YES;
				GCC_WARN_ABOUT_RETURN_TYPE = YES_ERROR;
				GCC_WARN_UNDECLARED_SELECTOR = YES;
				GCC_WARN_UNINITIALIZED_AUTOS = YES_AGGRESSIVE;
				GCC_WARN_UNUSED_FUNCTION = YES;
				GCC_WARN_UNUSED_VARIABLE = YES;
				IPHONEOS_DEPLOYMENT_TARGET = 11.2;
				MTL_ENABLE_DEBUG_INFO = NO;
				SDKROOT = iphoneos;
				SWIFT_OPTIMIZATION_LEVEL = "-Owholemodule";
				VALIDATE_PRODUCT = YES;
			};
			name = Release;
		};
		5FAC50D1220F6E73002F4311 /* Debug */ = {
			isa = XCBuildConfiguration;
			buildSettings = {
				ASSETCATALOG_COMPILER_APPICON_NAME = AppIcon;
				CODE_SIGN_STYLE = Automatic;
				INFOPLIST_FILE = WF/Info.plist;
				LD_RUNPATH_SEARCH_PATHS = "$(inherited) @executable_path/Frameworks";
				PRODUCT_BUNDLE_IDENTIFIER = com.WF.WF;
				PRODUCT_NAME = "$(TARGET_NAME)";
				SWIFT_VERSION = 4.0;
				TARGETED_DEVICE_FAMILY = "1,2";
			};
			name = Debug;
		};
		5FAC50D2220F6E73002F4311 /* Release */ = {
			isa = XCBuildConfiguration;
			buildSettings = {
				ASSETCATALOG_COMPILER_APPICON_NAME = AppIcon;
				CODE_SIGN_STYLE = Automatic;
				INFOPLIST_FILE = WF/Info.plist;
				LD_RUNPATH_SEARCH_PATHS = "$(inherited) @executable_path/Frameworks";
				PRODUCT_BUNDLE_IDENTIFIER = com.WF.WF;
				PRODUCT_NAME = "$(TARGET_NAME)";
				SWIFT_VERSION = 4.0;
				TARGETED_DEVICE_FAMILY = "1,2";
			};
			name = Release;
		};
		5FAC50D4220F6E73002F4311 /* Debug */ = {
			isa = XCBuildConfiguration;
			buildSettings = {
				ALWAYS_EMBED_SWIFT_STANDARD_LIBRARIES = YES;
				BUNDLE_LOADER = "$(TEST_HOST)";
				CODE_SIGN_STYLE = Automatic;
				INFOPLIST_FILE = WFTests/Info.plist;
				LD_RUNPATH_SEARCH_PATHS = "$(inherited) @executable_path/Frameworks @loader_path/Frameworks";
				PRODUCT_BUNDLE_IDENTIFIER = com.WF.WFTests;
				PRODUCT_NAME = "$(TARGET_NAME)";
				SWIFT_VERSION = 4.0;
				TARGETED_DEVICE_FAMILY = "1,2";
				TEST_HOST = "$(BUILT_PRODUCTS_DIR)/WF.app/WF";
			};
			name = Debug;
		};
		5FAC50D5220F6E73002F4311 /* Release */ = {
			isa = XCBuildConfiguration;
			buildSettings = {
				ALWAYS_EMBED_SWIFT_STANDARD_LIBRARIES = YES;
				BUNDLE_LOADER = "$(TEST_HOST)";
				CODE_SIGN_STYLE = Automatic;
				INFOPLIST_FILE = WFTests/Info.plist;
				LD_RUNPATH_SEARCH_PATHS = "$(inherited) @executable_path/Frameworks @loader_path/Frameworks";
				PRODUCT_BUNDLE_IDENTIFIER = com.WF.WFTests;
				PRODUCT_NAME = "$(TARGET_NAME)";
				SWIFT_VERSION = 4.0;
				TARGETED_DEVICE_FAMILY = "1,2";
				TEST_HOST = "$(BUILT_PRODUCTS_DIR)/WF.app/WF";
			};
			name = Release;
		};
		5FAC50D7220F6E73002F4311 /* Debug */ = {
			isa = XCBuildConfiguration;
			buildSettings = {
				ALWAYS_EMBED_SWIFT_STANDARD_LIBRARIES = YES;
				CODE_SIGN_STYLE = Automatic;
				INFOPLIST_FILE = WFUITests/Info.plist;
				LD_RUNPATH_SEARCH_PATHS = "$(inherited) @executable_path/Frameworks @loader_path/Frameworks";
				PRODUCT_BUNDLE_IDENTIFIER = com.WF.WFUITests;
				PRODUCT_NAME = "$(TARGET_NAME)";
				SWIFT_VERSION = 4.0;
				TARGETED_DEVICE_FAMILY = "1,2";
				TEST_TARGET_NAME = WF;
			};
			name = Debug;
		};
		5FAC50D8220F6E73002F4311 /* Release */ = {
			isa = XCBuildConfiguration;
			buildSettings = {
				ALWAYS_EMBED_SWIFT_STANDARD_LIBRARIES = YES;
				CODE_SIGN_STYLE = Automatic;
				INFOPLIST_FILE = WFUITests/Info.plist;
				LD_RUNPATH_SEARCH_PATHS = "$(inherited) @executable_path/Frameworks @loader_path/Frameworks";
				PRODUCT_BUNDLE_IDENTIFIER = com.WF.WFUITests;
				PRODUCT_NAME = "$(TARGET_NAME)";
				SWIFT_VERSION = 4.0;
				TARGETED_DEVICE_FAMILY = "1,2";
				TEST_TARGET_NAME = WF;
			};
			name = Release;
		};
/* End XCBuildConfiguration section */

/* Begin XCConfigurationList section */
		5FAC50A3220F6E73002F4311 /* Build configuration list for PBXProject "WF" */ = {
			isa = XCConfigurationList;
			buildConfigurations = (
				5FAC50CE220F6E73002F4311 /* Debug */,
				5FAC50CF220F6E73002F4311 /* Release */,
			);
			defaultConfigurationIsVisible = 0;
			defaultConfigurationName = Release;
		};
		5FAC50D0220F6E73002F4311 /* Build configuration list for PBXNativeTarget "WF" */ = {
			isa = XCConfigurationList;
			buildConfigurations = (
				5FAC50D1220F6E73002F4311 /* Debug */,
				5FAC50D2220F6E73002F4311 /* Release */,
			);
			defaultConfigurationIsVisible = 0;
			defaultConfigurationName = Release;
		};
		5FAC50D3220F6E73002F4311 /* Build configuration list for PBXNativeTarget "WFTests" */ = {
			isa = XCConfigurationList;
			buildConfigurations = (
				5FAC50D4220F6E73002F4311 /* Debug */,
				5FAC50D5220F6E73002F4311 /* Release */,
			);
			defaultConfigurationIsVisible = 0;
			defaultConfigurationName = Release;
		};
		5FAC50D6220F6E73002F4311 /* Build configuration list for PBXNativeTarget "WFUITests" */ = {
			isa = XCConfigurationList;
			buildConfigurations = (
				5FAC50D7220F6E73002F4311 /* Debug */,
				5FAC50D8220F6E73002F4311 /* Release */,
			);
			defaultConfigurationIsVisible = 0;
			defaultConfigurationName = Release;
		};
/* End XCConfigurationList section */
	};
	rootObject = 5FAC50A0220F6E73002F4311 /* Project object */;
}
